# This file is autogenerated, do not edit; changes may be undone by the next 'dep ensure'.


[[projects]]
  digest = "1:76dc72490af7174349349838f2fe118996381b31ea83243812a97e5a0fd5ed55"
  name = "github.com/dgrijalva/jwt-go"
  packages = ["."]
  pruneopts = "UT"
  revision = "06ea1031745cb8b3dab3f6a236daf2b0aa468b7e"
  version = "v3.2.0"

[[projects]]
  branch = "master"
  digest = "1:fd407b9f1f1b6345307920793ad6a735f3e6264228eacec9c270e2b2eadcbd24"
  name = "github.com/paulormart/assert"
  packages = ["."]
  pruneopts = "UT"
  revision = "703ecdc7e9afc63bcd95b090a10d6360fab36599"

[solve-meta]
  analyzer-name = "dep"
  analyzer-version = 1
  input-imports = [
    "github.com/dgrijalva/jwt-go",
    "github.com/paulormart/assert",
  ]
  solver-name = "gps-cdcl"
  solver-version = 1
